
Microsoft Visual Studio Solution File, Format Version 12.00
# Visual Studio Version 17
VisualStudioVersion = 17.3.32819.101
MinimumVisualStudioVersion = 10.0.40219.1
Project("{FAE04EC0-301F-11D3-BF4B-00C04F79EFBC}") = "IBIS_API", "IBIS_API\IBIS_API.csproj", "{FE3612CE-C0BB-4C37-AD97-1AEF2E79A8F7}"
EndProject
Global
	GlobalSection(SolutionConfigurationPlatforms) = preSolution
		Debug|Any CPU = Debug|Any CPU
		Release|Any CPU = Release|Any CPU
	EndGlobalSection
	GlobalSection(ProjectConfigurationPlatforms) = postSolution
		{FE3612CE-C0BB-4C37-AD97-1AEF2E79A8F7}.Debug|Any CPU.ActiveCfg = Debug|Any CPU
		{FE3612CE-C0BB-4C37-AD97-1AEF2E79A8F7}.Debug|Any CPU.Build.0 = Debug|Any CPU
		{FE3612CE-C0BB-4C37-AD97-1AEF2E79A8F7}.Release|Any CPU.ActiveCfg = Release|Any CPU
		{FE3612CE-C0BB-4C37-AD97-1AEF2E79A8F7}.Release|Any CPU.Build.0 = Release|Any CPU
	EndGlobalSection
	GlobalSection(SolutionProperties) = preSolution
		HideSolutionNode = FALSE
	EndGlobalSection
	GlobalSection(ExtensibilityGlobals) = postSolution
		SolutionGuid = {05B48B16-E431-4615-BDDD-2D6FA872D8BE}
	EndGlobalSection
EndGlobal
